
Microsoft Visual Studio Solution File, Format Version 12.00
# Visual Studio Version 17
VisualStudioVersion = 17.11.35327.3
MinimumVisualStudioVersion = 10.0.40219.1
Project("{FAE04EC0-301F-11D3-BF4B-00C04F79EFBC}") = "Dashboard", "Dashboard\Dashboard.csproj", "{17706DB1-640C-46A9-9865-62D32E809048}"
EndProject
Global
	GlobalSection(SolutionConfigurationPlatforms) = preSolution
		Debug|Any CPU = Debug|Any CPU
		Release|Any CPU = Release|Any CPU
	EndGlobalSection
	GlobalSection(ProjectConfigurationPlatforms) = postSolution
		{17706DB1-640C-46A9-9865-62D32E809048}.Debug|Any CPU.ActiveCfg = Debug|Any CPU
		{17706DB1-640C-46A9-9865-62D32E809048}.Debug|Any CPU.Build.0 = Debug|Any CPU
		{17706DB1-640C-46A9-9865-62D32E809048}.Release|Any CPU.ActiveCfg = Release|Any CPU
		{17706DB1-640C-46A9-9865-62D32E809048}.Release|Any CPU.Build.0 = Release|Any CPU
	EndGlobalSection
	GlobalSection(SolutionProperties) = preSolution
		HideSolutionNode = FALSE
	EndGlobalSection
	GlobalSection(ExtensibilityGlobals) = postSolution
		SolutionGuid = {C107D76F-9C07-43F1-A3C5-E61F67701DDE}
	EndGlobalSection
EndGlobal
